
Microsoft Visual Studio Solution File, Format Version 12.00
# Visual Studio Version 17
VisualStudioVersion = 17.3.32922.545
MinimumVisualStudioVersion = 10.0.40219.1
Project("{8BC9CEB8-8B4A-11D0-8D11-00A0C91BC942}") = "CS201_Lectures", "CS201_Lectures\CS201_Lectures.vcxproj", "{676CF4F6-75C5-4EF1-A3C3-255D3A4ED9C7}"
EndProject
Project("{8BC9CEB8-8B4A-11D0-8D11-00A0C91BC942}") = "CS201_Recitations", "CS201_Recitations\CS201_Recitations.vcxproj", "{C9E54A46-E746-4D08-9AC1-D5835A06F60C}"
EndProject
Global
	GlobalSection(SolutionConfigurationPlatforms) = preSolution
		Debug|x64 = Debug|x64
		Debug|x86 = Debug|x86
		Release|x64 = Release|x64
		Release|x86 = Release|x86
	EndGlobalSection
	GlobalSection(ProjectConfigurationPlatforms) = postSolution
		{676CF4F6-75C5-4EF1-A3C3-255D3A4ED9C7}.Debug|x64.ActiveCfg = Debug|x64
		{676CF4F6-75C5-4EF1-A3C3-255D3A4ED9C7}.Debug|x64.Build.0 = Debug|x64
		{676CF4F6-75C5-4EF1-A3C3-255D3A4ED9C7}.Debug|x86.ActiveCfg = Debug|Win32
		{676CF4F6-75C5-4EF1-A3C3-255D3A4ED9C7}.Debug|x86.Build.0 = Debug|Win32
		{676CF4F6-75C5-4EF1-A3C3-255D3A4ED9C7}.Release|x64.ActiveCfg = Release|x64
		{676CF4F6-75C5-4EF1-A3C3-255D3A4ED9C7}.Release|x64.Build.0 = Release|x64
		{676CF4F6-75C5-4EF1-A3C3-255D3A4ED9C7}.Release|x86.ActiveCfg = Release|Win32
		{676CF4F6-75C5-4EF1-A3C3-255D3A4ED9C7}.Release|x86.Build.0 = Release|Win32
		{C9E54A46-E746-4D08-9AC1-D5835A06F60C}.Debug|x64.ActiveCfg = Debug|x64
		{C9E54A46-E746-4D08-9AC1-D5835A06F60C}.Debug|x64.Build.0 = Debug|x64
		{C9E54A46-E746-4D08-9AC1-D5835A06F60C}.Debug|x86.ActiveCfg = Debug|Win32
		{C9E54A46-E746-4D08-9AC1-D5835A06F60C}.Debug|x86.Build.0 = Debug|Win32
		{C9E54A46-E746-4D08-9AC1-D5835A06F60C}.Release|x64.ActiveCfg = Release|x64
		{C9E54A46-E746-4D08-9AC1-D5835A06F60C}.Release|x64.Build.0 = Release|x64
		{C9E54A46-E746-4D08-9AC1-D5835A06F60C}.Release|x86.ActiveCfg = Release|Win32
		{C9E54A46-E746-4D08-9AC1-D5835A06F60C}.Release|x86.Build.0 = Release|Win32
	EndGlobalSection
	GlobalSection(SolutionProperties) = preSolution
		HideSolutionNode = FALSE
	EndGlobalSection
	GlobalSection(ExtensibilityGlobals) = postSolution
		SolutionGuid = {62954291-7FD2-4502-A7D7-88CFE721FC45}
	EndGlobalSection
EndGlobal
